
Microsoft Visual Studio Solution File, Format Version 12.00
# Visual Studio 2012
Project("{FAE04EC0-301F-11D3-BF4B-00C04F79EFBC}") = "FinalProject", "FinalProject\FinalProject.csproj", "{C284D8B1-8932-446B-911A-D9161A7825DC}"
EndProject
Project("{FAE04EC0-301F-11D3-BF4B-00C04F79EFBC}") = "SpriteClasses", "SpriteClasses\SpriteClasses.csproj", "{7AA60A81-A2EE-489C-8E07-D2E490A19E22}"
EndProject
Global
	GlobalSection(SolutionConfigurationPlatforms) = preSolution
		Debug|x86 = Debug|x86
		Release|x86 = Release|x86
	EndGlobalSection
	GlobalSection(ProjectConfigurationPlatforms) = postSolution
		{C284D8B1-8932-446B-911A-D9161A7825DC}.Debug|x86.ActiveCfg = Debug|x86
		{C284D8B1-8932-446B-911A-D9161A7825DC}.Debug|x86.Build.0 = Debug|x86
		{C284D8B1-8932-446B-911A-D9161A7825DC}.Release|x86.ActiveCfg = Release|x86
		{C284D8B1-8932-446B-911A-D9161A7825DC}.Release|x86.Build.0 = Release|x86
		{7AA60A81-A2EE-489C-8E07-D2E490A19E22}.Debug|x86.ActiveCfg = Debug|x86
		{7AA60A81-A2EE-489C-8E07-D2E490A19E22}.Debug|x86.Build.0 = Debug|x86
		{7AA60A81-A2EE-489C-8E07-D2E490A19E22}.Release|x86.ActiveCfg = Release|x86
		{7AA60A81-A2EE-489C-8E07-D2E490A19E22}.Release|x86.Build.0 = Release|x86
	EndGlobalSection
	GlobalSection(SolutionProperties) = preSolution
		HideSolutionNode = FALSE
	EndGlobalSection
EndGlobal
